{
  "name": "boi-foursouls",
  "version": "1.0.0",
  "lockfileVersion": 1,
  "requires": true,
  "dependencies": {
    "eventemitter3": {
      "version": "3.1.0",
      "resolved": "http://repository.paychex.com:8081/artifactory/api/npm/npm/eventemitter3/-/eventemitter3-3.1.0.tgz",
      "integrity": "sha1-CQtNbNvWRe0Qv3UNS1QHlC17oWM="
    },
    "phaser": {
      "version": "3.15.1",
      "resolved": "http://repository.paychex.com:8081/artifactory/api/npm/npm/phaser/-/phaser-3.15.1.tgz",
      "integrity": "sha1-F9QftbMQ+wYpUuKdm7JqmckNOkQ=",
      "requires": {
        "eventemitter3": "3.1.0"
      }
    }
  }
}
